
Microsoft Visual Studio Solution File, Format Version 12.00
# Visual Studio Version 16
VisualStudioVersion = 16.0.32510.428
MinimumVisualStudioVersion = 10.0.40219.1
Project("{FAE04EC0-301F-11D3-BF4B-00C04F79EFBC}") = "FactoryMethod01", "FactoryMethod01\FactoryMethod01.csproj", "{B280B80D-507F-4CDB-A95D-214E5C4B0D6E}"
EndProject
Project("{FAE04EC0-301F-11D3-BF4B-00C04F79EFBC}") = "FactoryMethod02", "FactoryMethod02\FactoryMethod02.csproj", "{3CA141AA-3EFB-4554-BF01-F48CE8EE3F0C}"
EndProject
Project("{FAE04EC0-301F-11D3-BF4B-00C04F79EFBC}") = "FactoryMethod03", "FactoryMethod03\FactoryMethod03.csproj", "{D6C0A67F-C4F2-494F-B1D8-D0C8907EA438}"
EndProject
Project("{FAE04EC0-301F-11D3-BF4B-00C04F79EFBC}") = "Strategy01", "Strategy01\Strategy01.csproj", "{1147B914-018A-483F-984F-9404F66CD833}"
EndProject
Project("{FAE04EC0-301F-11D3-BF4B-00C04F79EFBC}") = "Strategy02", "Strategy02\Strategy02.csproj", "{FDD4C7BE-7465-4EEB-981D-A82E93D97A3A}"
EndProject
Project("{FAE04EC0-301F-11D3-BF4B-00C04F79EFBC}") = "Strategy03", "Strategy03\Strategy03.csproj", "{4962B932-1256-4F78-9DFB-C834A06EC010}"
EndProject
Project("{FAE04EC0-301F-11D3-BF4B-00C04F79EFBC}") = "Strategy04", "Strategy04\Strategy04.csproj", "{E246E469-C807-4C9F-AABE-9EDC2EB5331D}"
EndProject
Global
	GlobalSection(SolutionConfigurationPlatforms) = preSolution
		Debug|Any CPU = Debug|Any CPU
		Release|Any CPU = Release|Any CPU
	EndGlobalSection
	GlobalSection(ProjectConfigurationPlatforms) = postSolution
		{B280B80D-507F-4CDB-A95D-214E5C4B0D6E}.Debug|Any CPU.ActiveCfg = Debug|Any CPU
		{B280B80D-507F-4CDB-A95D-214E5C4B0D6E}.Debug|Any CPU.Build.0 = Debug|Any CPU
		{B280B80D-507F-4CDB-A95D-214E5C4B0D6E}.Release|Any CPU.ActiveCfg = Release|Any CPU
		{B280B80D-507F-4CDB-A95D-214E5C4B0D6E}.Release|Any CPU.Build.0 = Release|Any CPU
		{3CA141AA-3EFB-4554-BF01-F48CE8EE3F0C}.Debug|Any CPU.ActiveCfg = Debug|Any CPU
		{3CA141AA-3EFB-4554-BF01-F48CE8EE3F0C}.Debug|Any CPU.Build.0 = Debug|Any CPU
		{3CA141AA-3EFB-4554-BF01-F48CE8EE3F0C}.Release|Any CPU.ActiveCfg = Release|Any CPU
		{3CA141AA-3EFB-4554-BF01-F48CE8EE3F0C}.Release|Any CPU.Build.0 = Release|Any CPU
		{D6C0A67F-C4F2-494F-B1D8-D0C8907EA438}.Debug|Any CPU.ActiveCfg = Debug|Any CPU
		{D6C0A67F-C4F2-494F-B1D8-D0C8907EA438}.Debug|Any CPU.Build.0 = Debug|Any CPU
		{D6C0A67F-C4F2-494F-B1D8-D0C8907EA438}.Release|Any CPU.ActiveCfg = Release|Any CPU
		{D6C0A67F-C4F2-494F-B1D8-D0C8907EA438}.Release|Any CPU.Build.0 = Release|Any CPU
		{1147B914-018A-483F-984F-9404F66CD833}.Debug|Any CPU.ActiveCfg = Debug|Any CPU
		{1147B914-018A-483F-984F-9404F66CD833}.Debug|Any CPU.Build.0 = Debug|Any CPU
		{1147B914-018A-483F-984F-9404F66CD833}.Release|Any CPU.ActiveCfg = Release|Any CPU
		{1147B914-018A-483F-984F-9404F66CD833}.Release|Any CPU.Build.0 = Release|Any CPU
		{FDD4C7BE-7465-4EEB-981D-A82E93D97A3A}.Debug|Any CPU.ActiveCfg = Debug|Any CPU
		{FDD4C7BE-7465-4EEB-981D-A82E93D97A3A}.Debug|Any CPU.Build.0 = Debug|Any CPU
		{FDD4C7BE-7465-4EEB-981D-A82E93D97A3A}.Release|Any CPU.ActiveCfg = Release|Any CPU
		{FDD4C7BE-7465-4EEB-981D-A82E93D97A3A}.Release|Any CPU.Build.0 = Release|Any CPU
		{4962B932-1256-4F78-9DFB-C834A06EC010}.Debug|Any CPU.ActiveCfg = Debug|Any CPU
		{4962B932-1256-4F78-9DFB-C834A06EC010}.Debug|Any CPU.Build.0 = Debug|Any CPU
		{4962B932-1256-4F78-9DFB-C834A06EC010}.Release|Any CPU.ActiveCfg = Release|Any CPU
		{4962B932-1256-4F78-9DFB-C834A06EC010}.Release|Any CPU.Build.0 = Release|Any CPU
		{E246E469-C807-4C9F-AABE-9EDC2EB5331D}.Debug|Any CPU.ActiveCfg = Debug|Any CPU
		{E246E469-C807-4C9F-AABE-9EDC2EB5331D}.Debug|Any CPU.Build.0 = Debug|Any CPU
		{E246E469-C807-4C9F-AABE-9EDC2EB5331D}.Release|Any CPU.ActiveCfg = Release|Any CPU
		{E246E469-C807-4C9F-AABE-9EDC2EB5331D}.Release|Any CPU.Build.0 = Release|Any CPU
	EndGlobalSection
	GlobalSection(SolutionProperties) = preSolution
		HideSolutionNode = FALSE
	EndGlobalSection
	GlobalSection(ExtensibilityGlobals) = postSolution
		SolutionGuid = {7CE07C28-8492-43AC-9D59-E687805E13D5}
	EndGlobalSection
EndGlobal
